
Microsoft Visual Studio Solution File, Format Version 12.00
# Visual Studio Version 17
VisualStudioVersion = 17.0.31903.59
MinimumVisualStudioVersion = 10.0.40219.1
Project("{2150E333-8FDC-42A3-9474-1A3956D46DE8}") = "src", "src", "{827E0CD3-B72D-47B6-A68D-7590B98EB39B}"
EndProject
Project("{FAE04EC0-301F-11D3-BF4B-00C04F79EFBC}") = "Caramel.Database", "src\Caramel.Database\Caramel.Database.csproj", "{5335E6C4-C07A-4C8C-A2A7-9104D3248FE1}"
EndProject
Project("{FAE04EC0-301F-11D3-BF4B-00C04F79EFBC}") = "Caramel.Core", "src\Caramel.Core\Caramel.Core.csproj", "{5E4FB33D-B6BA-447D-9661-445B0FA85C5F}"
EndProject
Project("{FAE04EC0-301F-11D3-BF4B-00C04F79EFBC}") = "Caramel.Discord", "src\Caramel.Discord\Caramel.Discord.csproj", "{54577A27-6014-4F6F-B73B-D54EDB90DB03}"
EndProject
Project("{2150E333-8FDC-42A3-9474-1A3956D46DE8}") = "tests", "tests", "{0AB3BF05-4346-4AA6-1389-037BE0695223}"
EndProject
Project("{FAE04EC0-301F-11D3-BF4B-00C04F79EFBC}") = "Caramel.Core.Tests", "tests\Caramel.Core.Tests\Caramel.Core.Tests.csproj", "{62B50C0E-0050-4D6D-9FE2-A9C95B52B7DA}"
EndProject
Project("{FAE04EC0-301F-11D3-BF4B-00C04F79EFBC}") = "Caramel.Database.Tests", "tests\Caramel.Database.Tests\Caramel.Database.Tests.csproj", "{BC2144F0-CB0B-4250-94C4-FCE764CC4CD3}"
EndProject
Project("{FAE04EC0-301F-11D3-BF4B-00C04F79EFBC}") = "Caramel.API.Tests", "tests\Caramel.API.Tests\Caramel.API.Tests.csproj", "{0F05F977-B6DB-40EF-93B1-2A0EF9F4295D}"
EndProject
Project("{FAE04EC0-301F-11D3-BF4B-00C04F79EFBC}") = "Caramel.Discord.Tests", "tests\Caramel.Discord.Tests\Caramel.Discord.Tests.csproj", "{13FAC04B-9FC5-4CFE-85CD-2D48644CFF75}"
EndProject
Project("{FAE04EC0-301F-11D3-BF4B-00C04F79EFBC}") = "Caramel.API", "src\Caramel.API\Caramel.API.csproj", "{87372DDA-E4E5-4B81-A58E-0F7D9C85FDBA}"
EndProject
Project("{FAE04EC0-301F-11D3-BF4B-00C04F79EFBC}") = "Caramel.GRPC", "src\Caramel.GRPC\Caramel.GRPC.csproj", "{779130BE-1BFF-4F7C-97BB-F6899FBDBC0B}"
EndProject
Project("{FAE04EC0-301F-11D3-BF4B-00C04F79EFBC}") = "Caramel.Domain", "src\Caramel.Domain\Caramel.Domain.csproj", "{9BB1557D-2BAA-4B8A-A474-5A2F7088E9C0}"
EndProject
Project("{FAE04EC0-301F-11D3-BF4B-00C04F79EFBC}") = "Caramel.AI", "src\Caramel.AI\Caramel.AI.csproj", "{53547FAB-44B0-4C4E-AE2A-C48D01741128}"
EndProject
Project("{FAE04EC0-301F-11D3-BF4B-00C04F79EFBC}") = "Caramel.Application", "src\Caramel.Application\Caramel.Application.csproj", "{96DC494C-15D0-4464-8B9E-07E9F5AA1928}"
EndProject
Project("{FAE04EC0-301F-11D3-BF4B-00C04F79EFBC}") = "Caramel.Cache", "src\Caramel.Cache\Caramel.Cache.csproj", "{57C60E59-4692-4B87-8224-B6240EEA0638}"
EndProject
Project("{FAE04EC0-301F-11D3-BF4B-00C04F79EFBC}") = "Caramel.GRPC.Tests", "tests\Caramel.GRPC.Tests\Caramel.GRPC.Tests.csproj", "{85F7B68A-64C0-4C3C-9B77-7A5EC7890D5F}"
EndProject
Project("{FAE04EC0-301F-11D3-BF4B-00C04F79EFBC}") = "Caramel.Application.Tests", "tests\Caramel.Application.Tests\Caramel.Application.Tests.csproj", "{6775706E-3353-47D5-AB50-E5DD6283210D}"
EndProject
Project("{FAE04EC0-301F-11D3-BF4B-00C04F79EFBC}") = "Caramel.Domain.Tests", "tests\Caramel.Domain.Tests\Caramel.Domain.Tests.csproj", "{871E6F13-DB62-4736-B9BD-E3A3F84B03D5}"
EndProject
Project("{FAE04EC0-301F-11D3-BF4B-00C04F79EFBC}") = "Caramel.AI.Tests", "tests\Caramel.AI.Tests\Caramel.AI.Tests.csproj", "{92C8E4F1-9B5D-4F2E-8E1A-B2C3D4E5F6A7}"
EndProject
Project("{FAE04EC0-301F-11D3-BF4B-00C04F79EFBC}") = "Caramel.Cache.Tests", "tests\Caramel.Cache.Tests\Caramel.Cache.Tests.csproj", "{A99965C1-56C4-45A9-8B25-B5B023DF5F85}"
EndProject
Project("{FAE04EC0-301F-11D3-BF4B-00C04F79EFBC}") = "Caramel.Service", "src\Caramel.Service\Caramel.Service.csproj", "{D9C919B5-6012-4DD5-8541-7C049A8C7607}"
EndProject
Project("{FAE04EC0-301F-11D3-BF4B-00C04F79EFBC}") = "Caramel.Notifications", "src\Caramel.Notifications\Caramel.Notifications.csproj", "{8F15966C-421E-4111-98EE-841ED8C65DEF}"
EndProject
Project("{FAE04EC0-301F-11D3-BF4B-00C04F79EFBC}") = "Caramel.Notifications.Tests", "tests\Caramel.Notifications.Tests\Caramel.Notifications.Tests.csproj", "{990309AB-93C3-4E13-8860-99CC4119C73B}"
EndProject
Global
	GlobalSection(SolutionConfigurationPlatforms) = preSolution
		Debug|Any CPU = Debug|Any CPU
		Debug|x64 = Debug|x64
		Debug|x86 = Debug|x86
		Release|Any CPU = Release|Any CPU
		Release|x64 = Release|x64
		Release|x86 = Release|x86
	EndGlobalSection
	GlobalSection(ProjectConfigurationPlatforms) = postSolution
		{5335E6C4-C07A-4C8C-A2A7-9104D3248FE1}.Debug|Any CPU.ActiveCfg = Debug|Any CPU
		{5335E6C4-C07A-4C8C-A2A7-9104D3248FE1}.Debug|Any CPU.Build.0 = Debug|Any CPU
		{5335E6C4-C07A-4C8C-A2A7-9104D3248FE1}.Debug|x64.ActiveCfg = Debug|Any CPU
		{5335E6C4-C07A-4C8C-A2A7-9104D3248FE1}.Debug|x64.Build.0 = Debug|Any CPU
		{5335E6C4-C07A-4C8C-A2A7-9104D3248FE1}.Debug|x86.ActiveCfg = Debug|Any CPU
		{5335E6C4-C07A-4C8C-A2A7-9104D3248FE1}.Debug|x86.Build.0 = Debug|Any CPU
		{5335E6C4-C07A-4C8C-A2A7-9104D3248FE1}.Release|Any CPU.ActiveCfg = Release|Any CPU
		{5335E6C4-C07A-4C8C-A2A7-9104D3248FE1}.Release|Any CPU.Build.0 = Release|Any CPU
		{5335E6C4-C07A-4C8C-A2A7-9104D3248FE1}.Release|x64.ActiveCfg = Release|Any CPU
		{5335E6C4-C07A-4C8C-A2A7-9104D3248FE1}.Release|x64.Build.0 = Release|Any CPU
		{5335E6C4-C07A-4C8C-A2A7-9104D3248FE1}.Release|x86.ActiveCfg = Release|Any CPU
		{5335E6C4-C07A-4C8C-A2A7-9104D3248FE1}.Release|x86.Build.0 = Release|Any CPU
		{5E4FB33D-B6BA-447D-9661-445B0FA85C5F}.Debug|Any CPU.ActiveCfg = Debug|Any CPU
		{5E4FB33D-B6BA-447D-9661-445B0FA85C5F}.Debug|Any CPU.Build.0 = Debug|Any CPU
		{5E4FB33D-B6BA-447D-9661-445B0FA85C5F}.Debug|x64.ActiveCfg = Debug|Any CPU
		{5E4FB33D-B6BA-447D-9661-445B0FA85C5F}.Debug|x64.Build.0 = Debug|Any CPU
		{5E4FB33D-B6BA-447D-9661-445B0FA85C5F}.Debug|x86.ActiveCfg = Debug|Any CPU
		{5E4FB33D-B6BA-447D-9661-445B0FA85C5F}.Debug|x86.Build.0 = Debug|Any CPU
		{5E4FB33D-B6BA-447D-9661-445B0FA85C5F}.Release|Any CPU.ActiveCfg = Release|Any CPU
		{5E4FB33D-B6BA-447D-9661-445B0FA85C5F}.Release|Any CPU.Build.0 = Release|Any CPU
		{5E4FB33D-B6BA-447D-9661-445B0FA85C5F}.Release|x64.ActiveCfg = Release|Any CPU
		{5E4FB33D-B6BA-447D-9661-445B0FA85C5F}.Release|x64.Build.0 = Release|Any CPU
		{5E4FB33D-B6BA-447D-9661-445B0FA85C5F}.Release|x86.ActiveCfg = Release|Any CPU
		{5E4FB33D-B6BA-447D-9661-445B0FA85C5F}.Release|x86.Build.0 = Release|Any CPU
		{54577A27-6014-4F6F-B73B-D54EDB90DB03}.Debug|Any CPU.ActiveCfg = Debug|Any CPU
		{54577A27-6014-4F6F-B73B-D54EDB90DB03}.Debug|Any CPU.Build.0 = Debug|Any CPU
		{54577A27-6014-4F6F-B73B-D54EDB90DB03}.Debug|x64.ActiveCfg = Debug|Any CPU
		{54577A27-6014-4F6F-B73B-D54EDB90DB03}.Debug|x64.Build.0 = Debug|Any CPU
		{54577A27-6014-4F6F-B73B-D54EDB90DB03}.Debug|x86.ActiveCfg = Debug|Any CPU
		{54577A27-6014-4F6F-B73B-D54EDB90DB03}.Debug|x86.Build.0 = Debug|Any CPU
		{54577A27-6014-4F6F-B73B-D54EDB90DB03}.Release|Any CPU.ActiveCfg = Release|Any CPU
		{54577A27-6014-4F6F-B73B-D54EDB90DB03}.Release|Any CPU.Build.0 = Release|Any CPU
		{54577A27-6014-4F6F-B73B-D54EDB90DB03}.Release|x64.ActiveCfg = Release|Any CPU
		{54577A27-6014-4F6F-B73B-D54EDB90DB03}.Release|x64.Build.0 = Release|Any CPU
		{54577A27-6014-4F6F-B73B-D54EDB90DB03}.Release|x86.ActiveCfg = Release|Any CPU
		{54577A27-6014-4F6F-B73B-D54EDB90DB03}.Release|x86.Build.0 = Release|Any CPU
		{62B50C0E-0050-4D6D-9FE2-A9C95B52B7DA}.Debug|Any CPU.ActiveCfg = Debug|Any CPU
		{62B50C0E-0050-4D6D-9FE2-A9C95B52B7DA}.Debug|Any CPU.Build.0 = Debug|Any CPU
		{62B50C0E-0050-4D6D-9FE2-A9C95B52B7DA}.Debug|x64.ActiveCfg = Debug|Any CPU
		{62B50C0E-0050-4D6D-9FE2-A9C95B52B7DA}.Debug|x64.Build.0 = Debug|Any CPU
		{62B50C0E-0050-4D6D-9FE2-A9C95B52B7DA}.Debug|x86.ActiveCfg = Debug|Any CPU
		{62B50C0E-0050-4D6D-9FE2-A9C95B52B7DA}.Debug|x86.Build.0 = Debug|Any CPU
		{62B50C0E-0050-4D6D-9FE2-A9C95B52B7DA}.Release|Any CPU.ActiveCfg = Release|Any CPU
		{62B50C0E-0050-4D6D-9FE2-A9C95B52B7DA}.Release|Any CPU.Build.0 = Release|Any CPU
		{62B50C0E-0050-4D6D-9FE2-A9C95B52B7DA}.Release|x64.ActiveCfg = Release|Any CPU
		{62B50C0E-0050-4D6D-9FE2-A9C95B52B7DA}.Release|x64.Build.0 = Release|Any CPU
		{62B50C0E-0050-4D6D-9FE2-A9C95B52B7DA}.Release|x86.ActiveCfg = Release|Any CPU
		{62B50C0E-0050-4D6D-9FE2-A9C95B52B7DA}.Release|x86.Build.0 = Release|Any CPU
		{BC2144F0-CB0B-4250-94C4-FCE764CC4CD3}.Debug|Any CPU.ActiveCfg = Debug|Any CPU
		{BC2144F0-CB0B-4250-94C4-FCE764CC4CD3}.Debug|Any CPU.Build.0 = Debug|Any CPU
		{BC2144F0-CB0B-4250-94C4-FCE764CC4CD3}.Debug|x64.ActiveCfg = Debug|Any CPU
		{BC2144F0-CB0B-4250-94C4-FCE764CC4CD3}.Debug|x64.Build.0 = Debug|Any CPU
		{BC2144F0-CB0B-4250-94C4-FCE764CC4CD3}.Debug|x86.ActiveCfg = Debug|Any CPU
		{BC2144F0-CB0B-4250-94C4-FCE764CC4CD3}.Debug|x86.Build.0 = Debug|Any CPU
		{BC2144F0-CB0B-4250-94C4-FCE764CC4CD3}.Release|Any CPU.ActiveCfg = Release|Any CPU
		{BC2144F0-CB0B-4250-94C4-FCE764CC4CD3}.Release|Any CPU.Build.0 = Release|Any CPU
		{BC2144F0-CB0B-4250-94C4-FCE764CC4CD3}.Release|x64.ActiveCfg = Release|Any CPU
		{BC2144F0-CB0B-4250-94C4-FCE764CC4CD3}.Release|x64.Build.0 = Release|Any CPU
		{BC2144F0-CB0B-4250-94C4-FCE764CC4CD3}.Release|x86.ActiveCfg = Release|Any CPU
		{BC2144F0-CB0B-4250-94C4-FCE764CC4CD3}.Release|x86.Build.0 = Release|Any CPU
		{0F05F977-B6DB-40EF-93B1-2A0EF9F4295D}.Debug|Any CPU.ActiveCfg = Debug|Any CPU
		{0F05F977-B6DB-40EF-93B1-2A0EF9F4295D}.Debug|Any CPU.Build.0 = Debug|Any CPU
		{0F05F977-B6DB-40EF-93B1-2A0EF9F4295D}.Debug|x64.ActiveCfg = Debug|Any CPU
		{0F05F977-B6DB-40EF-93B1-2A0EF9F4295D}.Debug|x64.Build.0 = Debug|Any CPU
		{0F05F977-B6DB-40EF-93B1-2A0EF9F4295D}.Debug|x86.ActiveCfg = Debug|Any CPU
		{0F05F977-B6DB-40EF-93B1-2A0EF9F4295D}.Debug|x86.Build.0 = Debug|Any CPU
		{0F05F977-B6DB-40EF-93B1-2A0EF9F4295D}.Release|Any CPU.ActiveCfg = Release|Any CPU
		{0F05F977-B6DB-40EF-93B1-2A0EF9F4295D}.Release|Any CPU.Build.0 = Release|Any CPU
		{0F05F977-B6DB-40EF-93B1-2A0EF9F4295D}.Release|x64.ActiveCfg = Release|Any CPU
		{0F05F977-B6DB-40EF-93B1-2A0EF9F4295D}.Release|x64.Build.0 = Release|Any CPU
		{0F05F977-B6DB-40EF-93B1-2A0EF9F4295D}.Release|x86.ActiveCfg = Release|Any CPU
		{0F05F977-B6DB-40EF-93B1-2A0EF9F4295D}.Release|x86.Build.0 = Release|Any CPU
		{13FAC04B-9FC5-4CFE-85CD-2D48644CFF75}.Debug|Any CPU.ActiveCfg = Debug|Any CPU
		{13FAC04B-9FC5-4CFE-85CD-2D48644CFF75}.Debug|Any CPU.Build.0 = Debug|Any CPU
		{13FAC04B-9FC5-4CFE-85CD-2D48644CFF75}.Debug|x64.ActiveCfg = Debug|Any CPU
		{13FAC04B-9FC5-4CFE-85CD-2D48644CFF75}.Debug|x64.Build.0 = Debug|Any CPU
		{13FAC04B-9FC5-4CFE-85CD-2D48644CFF75}.Debug|x86.ActiveCfg = Debug|Any CPU
		{13FAC04B-9FC5-4CFE-85CD-2D48644CFF75}.Debug|x86.Build.0 = Debug|Any CPU
		{13FAC04B-9FC5-4CFE-85CD-2D48644CFF75}.Release|Any CPU.ActiveCfg = Release|Any CPU
		{13FAC04B-9FC5-4CFE-85CD-2D48644CFF75}.Release|Any CPU.Build.0 = Release|Any CPU
		{13FAC04B-9FC5-4CFE-85CD-2D48644CFF75}.Release|x64.ActiveCfg = Release|Any CPU
		{13FAC04B-9FC5-4CFE-85CD-2D48644CFF75}.Release|x64.Build.0 = Release|Any CPU
		{13FAC04B-9FC5-4CFE-85CD-2D48644CFF75}.Release|x86.ActiveCfg = Release|Any CPU
		{13FAC04B-9FC5-4CFE-85CD-2D48644CFF75}.Release|x86.Build.0 = Release|Any CPU
		{87372DDA-E4E5-4B81-A58E-0F7D9C85FDBA}.Debug|Any CPU.ActiveCfg = Debug|Any CPU
		{87372DDA-E4E5-4B81-A58E-0F7D9C85FDBA}.Debug|Any CPU.Build.0 = Debug|Any CPU
		{87372DDA-E4E5-4B81-A58E-0F7D9C85FDBA}.Debug|x64.ActiveCfg = Debug|Any CPU
		{87372DDA-E4E5-4B81-A58E-0F7D9C85FDBA}.Debug|x64.Build.0 = Debug|Any CPU
		{87372DDA-E4E5-4B81-A58E-0F7D9C85FDBA}.Debug|x86.ActiveCfg = Debug|Any CPU
		{87372DDA-E4E5-4B81-A58E-0F7D9C85FDBA}.Debug|x86.Build.0 = Debug|Any CPU
		{87372DDA-E4E5-4B81-A58E-0F7D9C85FDBA}.Release|Any CPU.ActiveCfg = Release|Any CPU
		{87372DDA-E4E5-4B81-A58E-0F7D9C85FDBA}.Release|Any CPU.Build.0 = Release|Any CPU
		{87372DDA-E4E5-4B81-A58E-0F7D9C85FDBA}.Release|x64.ActiveCfg = Release|Any CPU
		{87372DDA-E4E5-4B81-A58E-0F7D9C85FDBA}.Release|x64.Build.0 = Release|Any CPU
		{87372DDA-E4E5-4B81-A58E-0F7D9C85FDBA}.Release|x86.ActiveCfg = Release|Any CPU
		{87372DDA-E4E5-4B81-A58E-0F7D9C85FDBA}.Release|x86.Build.0 = Release|Any CPU
		{779130BE-1BFF-4F7C-97BB-F6899FBDBC0B}.Debug|Any CPU.ActiveCfg = Debug|Any CPU
		{779130BE-1BFF-4F7C-97BB-F6899FBDBC0B}.Debug|Any CPU.Build.0 = Debug|Any CPU
		{779130BE-1BFF-4F7C-97BB-F6899FBDBC0B}.Debug|x64.ActiveCfg = Debug|Any CPU
		{779130BE-1BFF-4F7C-97BB-F6899FBDBC0B}.Debug|x64.Build.0 = Debug|Any CPU
		{779130BE-1BFF-4F7C-97BB-F6899FBDBC0B}.Debug|x86.ActiveCfg = Debug|Any CPU
		{779130BE-1BFF-4F7C-97BB-F6899FBDBC0B}.Debug|x86.Build.0 = Debug|Any CPU
		{779130BE-1BFF-4F7C-97BB-F6899FBDBC0B}.Release|Any CPU.ActiveCfg = Release|Any CPU
		{779130BE-1BFF-4F7C-97BB-F6899FBDBC0B}.Release|Any CPU.Build.0 = Release|Any CPU
		{779130BE-1BFF-4F7C-97BB-F6899FBDBC0B}.Release|x64.ActiveCfg = Release|Any CPU
		{779130BE-1BFF-4F7C-97BB-F6899FBDBC0B}.Release|x64.Build.0 = Release|Any CPU
		{779130BE-1BFF-4F7C-97BB-F6899FBDBC0B}.Release|x86.ActiveCfg = Release|Any CPU
		{779130BE-1BFF-4F7C-97BB-F6899FBDBC0B}.Release|x86.Build.0 = Release|Any CPU
		{9BB1557D-2BAA-4B8A-A474-5A2F7088E9C0}.Debug|Any CPU.ActiveCfg = Debug|Any CPU
		{9BB1557D-2BAA-4B8A-A474-5A2F7088E9C0}.Debug|Any CPU.Build.0 = Debug|Any CPU
		{9BB1557D-2BAA-4B8A-A474-5A2F7088E9C0}.Debug|x64.ActiveCfg = Debug|Any CPU
		{9BB1557D-2BAA-4B8A-A474-5A2F7088E9C0}.Debug|x64.Build.0 = Debug|Any CPU
		{9BB1557D-2BAA-4B8A-A474-5A2F7088E9C0}.Debug|x86.ActiveCfg = Debug|Any CPU
		{9BB1557D-2BAA-4B8A-A474-5A2F7088E9C0}.Debug|x86.Build.0 = Debug|Any CPU
		{9BB1557D-2BAA-4B8A-A474-5A2F7088E9C0}.Release|Any CPU.ActiveCfg = Release|Any CPU
		{9BB1557D-2BAA-4B8A-A474-5A2F7088E9C0}.Release|Any CPU.Build.0 = Release|Any CPU
		{9BB1557D-2BAA-4B8A-A474-5A2F7088E9C0}.Release|x64.ActiveCfg = Release|Any CPU
		{9BB1557D-2BAA-4B8A-A474-5A2F7088E9C0}.Release|x64.Build.0 = Release|Any CPU
		{9BB1557D-2BAA-4B8A-A474-5A2F7088E9C0}.Release|x86.ActiveCfg = Release|Any CPU
		{9BB1557D-2BAA-4B8A-A474-5A2F7088E9C0}.Release|x86.Build.0 = Release|Any CPU
		{53547FAB-44B0-4C4E-AE2A-C48D01741128}.Debug|Any CPU.ActiveCfg = Debug|Any CPU
		{53547FAB-44B0-4C4E-AE2A-C48D01741128}.Debug|Any CPU.Build.0 = Debug|Any CPU
		{53547FAB-44B0-4C4E-AE2A-C48D01741128}.Debug|x64.ActiveCfg = Debug|Any CPU
		{53547FAB-44B0-4C4E-AE2A-C48D01741128}.Debug|x64.Build.0 = Debug|Any CPU
		{53547FAB-44B0-4C4E-AE2A-C48D01741128}.Debug|x86.ActiveCfg = Debug|Any CPU
		{53547FAB-44B0-4C4E-AE2A-C48D01741128}.Debug|x86.Build.0 = Debug|Any CPU
		{53547FAB-44B0-4C4E-AE2A-C48D01741128}.Release|Any CPU.ActiveCfg = Release|Any CPU
		{53547FAB-44B0-4C4E-AE2A-C48D01741128}.Release|Any CPU.Build.0 = Release|Any CPU
		{53547FAB-44B0-4C4E-AE2A-C48D01741128}.Release|x64.ActiveCfg = Release|Any CPU
		{53547FAB-44B0-4C4E-AE2A-C48D01741128}.Release|x64.Build.0 = Release|Any CPU
		{53547FAB-44B0-4C4E-AE2A-C48D01741128}.Release|x86.ActiveCfg = Release|Any CPU
		{53547FAB-44B0-4C4E-AE2A-C48D01741128}.Release|x86.Build.0 = Release|Any CPU
		{96DC494C-15D0-4464-8B9E-07E9F5AA1928}.Debug|Any CPU.ActiveCfg = Debug|Any CPU
		{96DC494C-15D0-4464-8B9E-07E9F5AA1928}.Debug|Any CPU.Build.0 = Debug|Any CPU
		{96DC494C-15D0-4464-8B9E-07E9F5AA1928}.Debug|x64.ActiveCfg = Debug|Any CPU
		{96DC494C-15D0-4464-8B9E-07E9F5AA1928}.Debug|x64.Build.0 = Debug|Any CPU
		{96DC494C-15D0-4464-8B9E-07E9F5AA1928}.Debug|x86.ActiveCfg = Debug|Any CPU
		{96DC494C-15D0-4464-8B9E-07E9F5AA1928}.Debug|x86.Build.0 = Debug|Any CPU
		{96DC494C-15D0-4464-8B9E-07E9F5AA1928}.Release|Any CPU.ActiveCfg = Release|Any CPU
		{96DC494C-15D0-4464-8B9E-07E9F5AA1928}.Release|Any CPU.Build.0 = Release|Any CPU
		{96DC494C-15D0-4464-8B9E-07E9F5AA1928}.Release|x64.ActiveCfg = Release|Any CPU
		{96DC494C-15D0-4464-8B9E-07E9F5AA1928}.Release|x64.Build.0 = Release|Any CPU
		{96DC494C-15D0-4464-8B9E-07E9F5AA1928}.Release|x86.ActiveCfg = Release|Any CPU
		{96DC494C-15D0-4464-8B9E-07E9F5AA1928}.Release|x86.Build.0 = Release|Any CPU
		{57C60E59-4692-4B87-8224-B6240EEA0638}.Debug|Any CPU.ActiveCfg = Debug|Any CPU
		{57C60E59-4692-4B87-8224-B6240EEA0638}.Debug|Any CPU.Build.0 = Debug|Any CPU
		{57C60E59-4692-4B87-8224-B6240EEA0638}.Debug|x64.ActiveCfg = Debug|Any CPU
		{57C60E59-4692-4B87-8224-B6240EEA0638}.Debug|x64.Build.0 = Debug|Any CPU
		{57C60E59-4692-4B87-8224-B6240EEA0638}.Debug|x86.ActiveCfg = Debug|Any CPU
		{57C60E59-4692-4B87-8224-B6240EEA0638}.Debug|x86.Build.0 = Debug|Any CPU
		{57C60E59-4692-4B87-8224-B6240EEA0638}.Release|Any CPU.ActiveCfg = Release|Any CPU
		{57C60E59-4692-4B87-8224-B6240EEA0638}.Release|Any CPU.Build.0 = Release|Any CPU
		{57C60E59-4692-4B87-8224-B6240EEA0638}.Release|x64.ActiveCfg = Release|Any CPU
		{57C60E59-4692-4B87-8224-B6240EEA0638}.Release|x64.Build.0 = Release|Any CPU
		{57C60E59-4692-4B87-8224-B6240EEA0638}.Release|x86.ActiveCfg = Release|Any CPU
		{57C60E59-4692-4B87-8224-B6240EEA0638}.Release|x86.Build.0 = Release|Any CPU
		{85F7B68A-64C0-4C3C-9B77-7A5EC7890D5F}.Debug|Any CPU.ActiveCfg = Debug|Any CPU
		{85F7B68A-64C0-4C3C-9B77-7A5EC7890D5F}.Debug|Any CPU.Build.0 = Debug|Any CPU
		{85F7B68A-64C0-4C3C-9B77-7A5EC7890D5F}.Debug|x64.ActiveCfg = Debug|Any CPU
		{85F7B68A-64C0-4C3C-9B77-7A5EC7890D5F}.Debug|x64.Build.0 = Debug|Any CPU
		{85F7B68A-64C0-4C3C-9B77-7A5EC7890D5F}.Debug|x86.ActiveCfg = Debug|Any CPU
		{85F7B68A-64C0-4C3C-9B77-7A5EC7890D5F}.Debug|x86.Build.0 = Debug|Any CPU
		{85F7B68A-64C0-4C3C-9B77-7A5EC7890D5F}.Release|Any CPU.ActiveCfg = Release|Any CPU
		{85F7B68A-64C0-4C3C-9B77-7A5EC7890D5F}.Release|Any CPU.Build.0 = Release|Any CPU
		{85F7B68A-64C0-4C3C-9B77-7A5EC7890D5F}.Release|x64.ActiveCfg = Release|Any CPU
		{85F7B68A-64C0-4C3C-9B77-7A5EC7890D5F}.Release|x64.Build.0 = Release|Any CPU
		{85F7B68A-64C0-4C3C-9B77-7A5EC7890D5F}.Release|x86.ActiveCfg = Release|Any CPU
		{85F7B68A-64C0-4C3C-9B77-7A5EC7890D5F}.Release|x86.Build.0 = Release|Any CPU
		{6775706E-3353-47D5-AB50-E5DD6283210D}.Debug|Any CPU.ActiveCfg = Debug|Any CPU
		{6775706E-3353-47D5-AB50-E5DD6283210D}.Debug|Any CPU.Build.0 = Debug|Any CPU
		{6775706E-3353-47D5-AB50-E5DD6283210D}.Debug|x64.ActiveCfg = Debug|Any CPU
		{6775706E-3353-47D5-AB50-E5DD6283210D}.Debug|x64.Build.0 = Debug|Any CPU
		{6775706E-3353-47D5-AB50-E5DD6283210D}.Debug|x86.ActiveCfg = Debug|Any CPU
		{6775706E-3353-47D5-AB50-E5DD6283210D}.Debug|x86.Build.0 = Debug|Any CPU
		{6775706E-3353-47D5-AB50-E5DD6283210D}.Release|Any CPU.ActiveCfg = Release|Any CPU
		{6775706E-3353-47D5-AB50-E5DD6283210D}.Release|Any CPU.Build.0 = Release|Any CPU
		{6775706E-3353-47D5-AB50-E5DD6283210D}.Release|x64.ActiveCfg = Release|Any CPU
		{6775706E-3353-47D5-AB50-E5DD6283210D}.Release|x64.Build.0 = Release|Any CPU
		{6775706E-3353-47D5-AB50-E5DD6283210D}.Release|x86.ActiveCfg = Release|Any CPU
		{6775706E-3353-47D5-AB50-E5DD6283210D}.Release|x86.Build.0 = Release|Any CPU
		{871E6F13-DB62-4736-B9BD-E3A3F84B03D5}.Debug|Any CPU.ActiveCfg = Debug|Any CPU
		{871E6F13-DB62-4736-B9BD-E3A3F84B03D5}.Debug|Any CPU.Build.0 = Debug|Any CPU
		{871E6F13-DB62-4736-B9BD-E3A3F84B03D5}.Debug|x64.ActiveCfg = Debug|Any CPU
		{871E6F13-DB62-4736-B9BD-E3A3F84B03D5}.Debug|x64.Build.0 = Debug|Any CPU
		{871E6F13-DB62-4736-B9BD-E3A3F84B03D5}.Debug|x86.ActiveCfg = Debug|Any CPU
		{871E6F13-DB62-4736-B9BD-E3A3F84B03D5}.Debug|x86.Build.0 = Debug|Any CPU
		{871E6F13-DB62-4736-B9BD-E3A3F84B03D5}.Release|Any CPU.ActiveCfg = Release|Any CPU
		{871E6F13-DB62-4736-B9BD-E3A3F84B03D5}.Release|Any CPU.Build.0 = Release|Any CPU
		{871E6F13-DB62-4736-B9BD-E3A3F84B03D5}.Release|x64.ActiveCfg = Release|Any CPU
		{871E6F13-DB62-4736-B9BD-E3A3F84B03D5}.Release|x64.Build.0 = Release|Any CPU
		{871E6F13-DB62-4736-B9BD-E3A3F84B03D5}.Release|x86.ActiveCfg = Release|Any CPU
		{871E6F13-DB62-4736-B9BD-E3A3F84B03D5}.Release|x86.Build.0 = Release|Any CPU
		{92C8E4F1-9B5D-4F2E-8E1A-B2C3D4E5F6A7}.Debug|Any CPU.ActiveCfg = Debug|Any CPU
		{92C8E4F1-9B5D-4F2E-8E1A-B2C3D4E5F6A7}.Debug|Any CPU.Build.0 = Debug|Any CPU
		{92C8E4F1-9B5D-4F2E-8E1A-B2C3D4E5F6A7}.Debug|x64.ActiveCfg = Debug|Any CPU
		{92C8E4F1-9B5D-4F2E-8E1A-B2C3D4E5F6A7}.Debug|x64.Build.0 = Debug|Any CPU
		{92C8E4F1-9B5D-4F2E-8E1A-B2C3D4E5F6A7}.Debug|x86.ActiveCfg = Debug|Any CPU
		{92C8E4F1-9B5D-4F2E-8E1A-B2C3D4E5F6A7}.Debug|x86.Build.0 = Debug|Any CPU
		{92C8E4F1-9B5D-4F2E-8E1A-B2C3D4E5F6A7}.Release|Any CPU.ActiveCfg = Release|Any CPU
		{92C8E4F1-9B5D-4F2E-8E1A-B2C3D4E5F6A7}.Release|Any CPU.Build.0 = Release|Any CPU
		{92C8E4F1-9B5D-4F2E-8E1A-B2C3D4E5F6A7}.Release|x64.ActiveCfg = Release|Any CPU
		{92C8E4F1-9B5D-4F2E-8E1A-B2C3D4E5F6A7}.Release|x64.Build.0 = Release|Any CPU
		{92C8E4F1-9B5D-4F2E-8E1A-B2C3D4E5F6A7}.Release|x86.ActiveCfg = Release|Any CPU
		{92C8E4F1-9B5D-4F2E-8E1A-B2C3D4E5F6A7}.Release|x86.Build.0 = Release|Any CPU
		{A99965C1-56C4-45A9-8B25-B5B023DF5F85}.Debug|Any CPU.ActiveCfg = Debug|Any CPU
		{A99965C1-56C4-45A9-8B25-B5B023DF5F85}.Debug|Any CPU.Build.0 = Debug|Any CPU
		{A99965C1-56C4-45A9-8B25-B5B023DF5F85}.Debug|x64.ActiveCfg = Debug|Any CPU
		{A99965C1-56C4-45A9-8B25-B5B023DF5F85}.Debug|x64.Build.0 = Debug|Any CPU
		{A99965C1-56C4-45A9-8B25-B5B023DF5F85}.Debug|x86.ActiveCfg = Debug|Any CPU
		{A99965C1-56C4-45A9-8B25-B5B023DF5F85}.Debug|x86.Build.0 = Debug|Any CPU
		{A99965C1-56C4-45A9-8B25-B5B023DF5F85}.Release|Any CPU.ActiveCfg = Release|Any CPU
		{A99965C1-56C4-45A9-8B25-B5B023DF5F85}.Release|Any CPU.Build.0 = Release|Any CPU
		{A99965C1-56C4-45A9-8B25-B5B023DF5F85}.Release|x64.ActiveCfg = Release|Any CPU
		{A99965C1-56C4-45A9-8B25-B5B023DF5F85}.Release|x64.Build.0 = Release|Any CPU
		{A99965C1-56C4-45A9-8B25-B5B023DF5F85}.Release|x86.ActiveCfg = Release|Any CPU
		{A99965C1-56C4-45A9-8B25-B5B023DF5F85}.Release|x86.Build.0 = Release|Any CPU
		{D9C919B5-6012-4DD5-8541-7C049A8C7607}.Debug|Any CPU.ActiveCfg = Debug|Any CPU
		{D9C919B5-6012-4DD5-8541-7C049A8C7607}.Debug|Any CPU.Build.0 = Debug|Any CPU
		{D9C919B5-6012-4DD5-8541-7C049A8C7607}.Debug|x64.ActiveCfg = Debug|Any CPU
		{D9C919B5-6012-4DD5-8541-7C049A8C7607}.Debug|x64.Build.0 = Debug|Any CPU
		{D9C919B5-6012-4DD5-8541-7C049A8C7607}.Debug|x86.ActiveCfg = Debug|Any CPU
		{D9C919B5-6012-4DD5-8541-7C049A8C7607}.Debug|x86.Build.0 = Debug|Any CPU
		{D9C919B5-6012-4DD5-8541-7C049A8C7607}.Release|Any CPU.ActiveCfg = Release|Any CPU
		{D9C919B5-6012-4DD5-8541-7C049A8C7607}.Release|Any CPU.Build.0 = Release|Any CPU
		{D9C919B5-6012-4DD5-8541-7C049A8C7607}.Release|x64.ActiveCfg = Release|Any CPU
		{D9C919B5-6012-4DD5-8541-7C049A8C7607}.Release|x64.Build.0 = Release|Any CPU
		{D9C919B5-6012-4DD5-8541-7C049A8C7607}.Release|x86.ActiveCfg = Release|Any CPU
		{D9C919B5-6012-4DD5-8541-7C049A8C7607}.Release|x86.Build.0 = Release|Any CPU
		{8F15966C-421E-4111-98EE-841ED8C65DEF}.Debug|Any CPU.ActiveCfg = Debug|Any CPU
		{8F15966C-421E-4111-98EE-841ED8C65DEF}.Debug|Any CPU.Build.0 = Debug|Any CPU
		{8F15966C-421E-4111-98EE-841ED8C65DEF}.Debug|x64.ActiveCfg = Debug|Any CPU
		{8F15966C-421E-4111-98EE-841ED8C65DEF}.Debug|x64.Build.0 = Debug|Any CPU
		{8F15966C-421E-4111-98EE-841ED8C65DEF}.Debug|x86.ActiveCfg = Debug|Any CPU
		{8F15966C-421E-4111-98EE-841ED8C65DEF}.Debug|x86.Build.0 = Debug|Any CPU
		{8F15966C-421E-4111-98EE-841ED8C65DEF}.Release|Any CPU.ActiveCfg = Release|Any CPU
		{8F15966C-421E-4111-98EE-841ED8C65DEF}.Release|Any CPU.Build.0 = Release|Any CPU
		{8F15966C-421E-4111-98EE-841ED8C65DEF}.Release|x64.ActiveCfg = Release|Any CPU
		{8F15966C-421E-4111-98EE-841ED8C65DEF}.Release|x64.Build.0 = Release|Any CPU
		{8F15966C-421E-4111-98EE-841ED8C65DEF}.Release|x86.ActiveCfg = Release|Any CPU
		{8F15966C-421E-4111-98EE-841ED8C65DEF}.Release|x86.Build.0 = Release|Any CPU
		{990309AB-93C3-4E13-8860-99CC4119C73B}.Debug|Any CPU.ActiveCfg = Debug|Any CPU
		{990309AB-93C3-4E13-8860-99CC4119C73B}.Debug|Any CPU.Build.0 = Debug|Any CPU
		{990309AB-93C3-4E13-8860-99CC4119C73B}.Debug|x64.ActiveCfg = Debug|Any CPU
		{990309AB-93C3-4E13-8860-99CC4119C73B}.Debug|x64.Build.0 = Debug|Any CPU
		{990309AB-93C3-4E13-8860-99CC4119C73B}.Debug|x86.ActiveCfg = Debug|Any CPU
		{990309AB-93C3-4E13-8860-99CC4119C73B}.Debug|x86.Build.0 = Debug|Any CPU
		{990309AB-93C3-4E13-8860-99CC4119C73B}.Release|Any CPU.ActiveCfg = Release|Any CPU
		{990309AB-93C3-4E13-8860-99CC4119C73B}.Release|Any CPU.Build.0 = Release|Any CPU
		{990309AB-93C3-4E13-8860-99CC4119C73B}.Release|x64.ActiveCfg = Release|Any CPU
		{990309AB-93C3-4E13-8860-99CC4119C73B}.Release|x64.Build.0 = Release|Any CPU
		{990309AB-93C3-4E13-8860-99CC4119C73B}.Release|x86.ActiveCfg = Release|Any CPU
		{990309AB-93C3-4E13-8860-99CC4119C73B}.Release|x86.Build.0 = Release|Any CPU
	EndGlobalSection
	GlobalSection(SolutionProperties) = preSolution
		HideSolutionNode = FALSE
	EndGlobalSection
	GlobalSection(NestedProjects) = preSolution
		{5335E6C4-C07A-4C8C-A2A7-9104D3248FE1} = {827E0CD3-B72D-47B6-A68D-7590B98EB39B}
		{5E4FB33D-B6BA-447D-9661-445B0FA85C5F} = {827E0CD3-B72D-47B6-A68D-7590B98EB39B}
		{54577A27-6014-4F6F-B73B-D54EDB90DB03} = {827E0CD3-B72D-47B6-A68D-7590B98EB39B}
		{62B50C0E-0050-4D6D-9FE2-A9C95B52B7DA} = {0AB3BF05-4346-4AA6-1389-037BE0695223}
		{BC2144F0-CB0B-4250-94C4-FCE764CC4CD3} = {0AB3BF05-4346-4AA6-1389-037BE0695223}
		{0F05F977-B6DB-40EF-93B1-2A0EF9F4295D} = {0AB3BF05-4346-4AA6-1389-037BE0695223}
		{13FAC04B-9FC5-4CFE-85CD-2D48644CFF75} = {0AB3BF05-4346-4AA6-1389-037BE0695223}
		{87372DDA-E4E5-4B81-A58E-0F7D9C85FDBA} = {827E0CD3-B72D-47B6-A68D-7590B98EB39B}
		{779130BE-1BFF-4F7C-97BB-F6899FBDBC0B} = {827E0CD3-B72D-47B6-A68D-7590B98EB39B}
		{9BB1557D-2BAA-4B8A-A474-5A2F7088E9C0} = {827E0CD3-B72D-47B6-A68D-7590B98EB39B}
		{53547FAB-44B0-4C4E-AE2A-C48D01741128} = {827E0CD3-B72D-47B6-A68D-7590B98EB39B}
		{96DC494C-15D0-4464-8B9E-07E9F5AA1928} = {827E0CD3-B72D-47B6-A68D-7590B98EB39B}
		{57C60E59-4692-4B87-8224-B6240EEA0638} = {827E0CD3-B72D-47B6-A68D-7590B98EB39B}
		{85F7B68A-64C0-4C3C-9B77-7A5EC7890D5F} = {0AB3BF05-4346-4AA6-1389-037BE0695223}
		{6775706E-3353-47D5-AB50-E5DD6283210D} = {0AB3BF05-4346-4AA6-1389-037BE0695223}
		{871E6F13-DB62-4736-B9BD-E3A3F84B03D5} = {0AB3BF05-4346-4AA6-1389-037BE0695223}
		{92C8E4F1-9B5D-4F2E-8E1A-B2C3D4E5F6A7} = {0AB3BF05-4346-4AA6-1389-037BE0695223}
		{A99965C1-56C4-45A9-8B25-B5B023DF5F85} = {0AB3BF05-4346-4AA6-1389-037BE0695223}
		{D9C919B5-6012-4DD5-8541-7C049A8C7607} = {827E0CD3-B72D-47B6-A68D-7590B98EB39B}
		{8F15966C-421E-4111-98EE-841ED8C65DEF} = {827E0CD3-B72D-47B6-A68D-7590B98EB39B}
		{990309AB-93C3-4E13-8860-99CC4119C73B} = {0AB3BF05-4346-4AA6-1389-037BE0695223}
	EndGlobalSection
EndGlobal
